{
    "_readme": [
        "This file locks the dependencies of your project to a known state",
        "Read more about it at http://getcomposer.org/doc/01-basic-usage.md#composer-lock-the-lock-file",
        "This file is @generated automatically"
    ],
    "hash": "744fada7ac56f38c49afa656c1775800",
    "packages": [
        {
            "name": "sastrawi/sastrawi",
            "version": "dev-master",
            "source": {
                "type": "git",
                "url": "https://github.com/sastrawi/sastrawi.git",
                "reference": "5f3cb5b6f5da8913879a00dbff7e6ad025b70ea1"
            },
            "dist": {
                "type": "zip",
                "url": "https://api.github.com/repos/sastrawi/sastrawi/zipball/5f3cb5b6f5da8913879a00dbff7e6ad025b70ea1",
                "reference": "5f3cb5b6f5da8913879a00dbff7e6ad025b70ea1",
                "shasum": ""
            },
            "require": {
                "php": ">=5.3"
            },
            "require-dev": {
                "squizlabs/php_codesniffer": "1.4.*"
            },
            "type": "library",
            "extra": {
                "branch-alias": {
                    "dev-master": "1.0.x-dev"
                }
            },
            "autoload": {
                "psr-0": {
                    "Sastrawi\\": "src"
                }
            },
            "notification-url": "https://packagist.org/downloads/",
            "license": [
                "MIT"
            ],
            "authors": [
                {
                    "name": "Andy Librian",
                    "email": "andylibrian@gmail.com",
                    "homepage": "http://andylibrian.pro",
                    "role": "Lead Developer"
                }
            ],
            "description": "PHP library for stemming Indonesian language (Bahasa Indonesia)",
            "homepage": "https://github.com/sastrawi/sastrawi",
            "keywords": [
                "bahasa",
                "indonesia",
                "indonesian",
                "kata dasar",
                "root word",
                "stem"
            ],
            "time": "2014-09-14 02:43:32"
        }
    ],
    "packages-dev": [

    ],
    "aliases": [

    ],
    "minimum-stability": "dev",
    "stability-flags": [

    ],
    "prefer-stable": false,
    "platform": [

    ],
    "platform-dev": [

    ]
}
